
Microsoft Visual Studio Solution File, Format Version 12.00
# Visual Studio Version 16
VisualStudioVersion = 16.0.32602.291
MinimumVisualStudioVersion = 10.0.40219.1
Project("{FAE04EC0-301F-11D3-BF4B-00C04F79EFBC}") = "Ex04", "Ex04\Ex04.csproj", "{BA4CCCB7-618B-40C0-90BE-18219D5ED5E2}"
EndProject
Global
	GlobalSection(SolutionConfigurationPlatforms) = preSolution
		Debug|Any CPU = Debug|Any CPU
		Release|Any CPU = Release|Any CPU
	EndGlobalSection
	GlobalSection(ProjectConfigurationPlatforms) = postSolution
		{BA4CCCB7-618B-40C0-90BE-18219D5ED5E2}.Debug|Any CPU.ActiveCfg = Debug|Any CPU
		{BA4CCCB7-618B-40C0-90BE-18219D5ED5E2}.Debug|Any CPU.Build.0 = Debug|Any CPU
		{BA4CCCB7-618B-40C0-90BE-18219D5ED5E2}.Release|Any CPU.ActiveCfg = Release|Any CPU
		{BA4CCCB7-618B-40C0-90BE-18219D5ED5E2}.Release|Any CPU.Build.0 = Release|Any CPU
	EndGlobalSection
	GlobalSection(SolutionProperties) = preSolution
		HideSolutionNode = FALSE
	EndGlobalSection
	GlobalSection(ExtensibilityGlobals) = postSolution
		SolutionGuid = {F363163C-4CAD-4BA1-9FD4-AAC03A915CE7}
	EndGlobalSection
EndGlobal
